
Microsoft Visual Studio Solution File, Format Version 12.00
# Visual Studio 15
VisualStudioVersion = 15.0.27130.2036
MinimumVisualStudioVersion = 10.0.40219.1
Project("{FAE04EC0-301F-11D3-BF4B-00C04F79EFBC}") = "Registration", "Registration\Registration.csproj", "{F46C61F3-811F-47BF-98F6-3F079D567CE3}"
EndProject
Global
	GlobalSection(SolutionConfigurationPlatforms) = preSolution
		Debug|Any CPU = Debug|Any CPU
		Release|Any CPU = Release|Any CPU
	EndGlobalSection
	GlobalSection(ProjectConfigurationPlatforms) = postSolution
		{F46C61F3-811F-47BF-98F6-3F079D567CE3}.Debug|Any CPU.ActiveCfg = Debug|Any CPU
		{F46C61F3-811F-47BF-98F6-3F079D567CE3}.Debug|Any CPU.Build.0 = Debug|Any CPU
		{F46C61F3-811F-47BF-98F6-3F079D567CE3}.Release|Any CPU.ActiveCfg = Release|Any CPU
		{F46C61F3-811F-47BF-98F6-3F079D567CE3}.Release|Any CPU.Build.0 = Release|Any CPU
	EndGlobalSection
	GlobalSection(SolutionProperties) = preSolution
		HideSolutionNode = FALSE
	EndGlobalSection
	GlobalSection(ExtensibilityGlobals) = postSolution
		SolutionGuid = {196770D5-9999-4A2A-83DC-948166869F41}
	EndGlobalSection
EndGlobal
